
Microsoft Visual Studio Solution File, Format Version 12.00
# Visual Studio Version 17
VisualStudioVersion = 17.12.35707.178
MinimumVisualStudioVersion = 10.0.40219.1
Project("{FAE04EC0-301F-11D3-BF4B-00C04F79EFBC}") = "lesson_02", "lesson_02\lesson_02.csproj", "{52F54D1E-8430-4880-B669-8B5011AF26B6}"
EndProject
Project("{FAE04EC0-301F-11D3-BF4B-00C04F79EFBC}") = "lesson_04-1", "lesson_04-1\lesson_04-1.csproj", "{763C8212-0875-4068-8B0D-F76B9526CD04}"
EndProject
Project("{FAE04EC0-301F-11D3-BF4B-00C04F79EFBC}") = "lesson_04-2", "lesson_04-2\lesson_04-2.csproj", "{25277850-2FC1-4D75-A42A-C3A3636E2E71}"
EndProject
Project("{FAE04EC0-301F-11D3-BF4B-00C04F79EFBC}") = "lesson_05-1", "lesson_05-1\lesson_05-1.csproj", "{C49F7ADD-A988-412C-8B1E-E2D71764144F}"
EndProject
Project("{FAE04EC0-301F-11D3-BF4B-00C04F79EFBC}") = "lesson_06", "lesson_06\lesson_06.csproj", "{28F67665-1ACE-4B56-A9B9-D8B8A8711AC3}"
EndProject
Project("{FAE04EC0-301F-11D3-BF4B-00C04F79EFBC}") = "lesson_07", "lesson_07\lesson_07.csproj", "{7A6AD7EA-B2DD-44B4-8D47-89D0C2C0ECBF}"
EndProject
Project("{FAE04EC0-301F-11D3-BF4B-00C04F79EFBC}") = "lesson_08", "lesson_08\lesson_08.csproj", "{3560FBC9-7CA0-4088-87EE-498275E997FE}"
EndProject
Global
	GlobalSection(SolutionConfigurationPlatforms) = preSolution
		Debug|Any CPU = Debug|Any CPU
		Release|Any CPU = Release|Any CPU
	EndGlobalSection
	GlobalSection(ProjectConfigurationPlatforms) = postSolution
		{52F54D1E-8430-4880-B669-8B5011AF26B6}.Debug|Any CPU.ActiveCfg = Debug|Any CPU
		{52F54D1E-8430-4880-B669-8B5011AF26B6}.Debug|Any CPU.Build.0 = Debug|Any CPU
		{52F54D1E-8430-4880-B669-8B5011AF26B6}.Release|Any CPU.ActiveCfg = Release|Any CPU
		{52F54D1E-8430-4880-B669-8B5011AF26B6}.Release|Any CPU.Build.0 = Release|Any CPU
		{763C8212-0875-4068-8B0D-F76B9526CD04}.Debug|Any CPU.ActiveCfg = Debug|Any CPU
		{763C8212-0875-4068-8B0D-F76B9526CD04}.Debug|Any CPU.Build.0 = Debug|Any CPU
		{763C8212-0875-4068-8B0D-F76B9526CD04}.Release|Any CPU.ActiveCfg = Release|Any CPU
		{763C8212-0875-4068-8B0D-F76B9526CD04}.Release|Any CPU.Build.0 = Release|Any CPU
		{25277850-2FC1-4D75-A42A-C3A3636E2E71}.Debug|Any CPU.ActiveCfg = Debug|Any CPU
		{25277850-2FC1-4D75-A42A-C3A3636E2E71}.Debug|Any CPU.Build.0 = Debug|Any CPU
		{25277850-2FC1-4D75-A42A-C3A3636E2E71}.Release|Any CPU.ActiveCfg = Release|Any CPU
		{25277850-2FC1-4D75-A42A-C3A3636E2E71}.Release|Any CPU.Build.0 = Release|Any CPU
		{C49F7ADD-A988-412C-8B1E-E2D71764144F}.Debug|Any CPU.ActiveCfg = Debug|Any CPU
		{C49F7ADD-A988-412C-8B1E-E2D71764144F}.Debug|Any CPU.Build.0 = Debug|Any CPU
		{C49F7ADD-A988-412C-8B1E-E2D71764144F}.Release|Any CPU.ActiveCfg = Release|Any CPU
		{C49F7ADD-A988-412C-8B1E-E2D71764144F}.Release|Any CPU.Build.0 = Release|Any CPU
		{28F67665-1ACE-4B56-A9B9-D8B8A8711AC3}.Debug|Any CPU.ActiveCfg = Debug|Any CPU
		{28F67665-1ACE-4B56-A9B9-D8B8A8711AC3}.Debug|Any CPU.Build.0 = Debug|Any CPU
		{28F67665-1ACE-4B56-A9B9-D8B8A8711AC3}.Release|Any CPU.ActiveCfg = Release|Any CPU
		{28F67665-1ACE-4B56-A9B9-D8B8A8711AC3}.Release|Any CPU.Build.0 = Release|Any CPU
		{7A6AD7EA-B2DD-44B4-8D47-89D0C2C0ECBF}.Debug|Any CPU.ActiveCfg = Debug|Any CPU
		{7A6AD7EA-B2DD-44B4-8D47-89D0C2C0ECBF}.Debug|Any CPU.Build.0 = Debug|Any CPU
		{7A6AD7EA-B2DD-44B4-8D47-89D0C2C0ECBF}.Release|Any CPU.ActiveCfg = Release|Any CPU
		{7A6AD7EA-B2DD-44B4-8D47-89D0C2C0ECBF}.Release|Any CPU.Build.0 = Release|Any CPU
		{3560FBC9-7CA0-4088-87EE-498275E997FE}.Debug|Any CPU.ActiveCfg = Debug|Any CPU
		{3560FBC9-7CA0-4088-87EE-498275E997FE}.Debug|Any CPU.Build.0 = Debug|Any CPU
		{3560FBC9-7CA0-4088-87EE-498275E997FE}.Release|Any CPU.ActiveCfg = Release|Any CPU
		{3560FBC9-7CA0-4088-87EE-498275E997FE}.Release|Any CPU.Build.0 = Release|Any CPU
	EndGlobalSection
	GlobalSection(SolutionProperties) = preSolution
		HideSolutionNode = FALSE
	EndGlobalSection
EndGlobal
